{
  "name": "security-tracker",
  "lockfileVersion": 3,
  "requires": true,
  "packages": {
    "": {
      "dependencies": {
        "bcryptjs": "^3.0.0"
      }
    },
    "node_modules/bcryptjs": {
      "version": "3.0.0",
      "resolved": "https://registry.npmjs.org/bcryptjs/-/bcryptjs-3.0.0.tgz",
      "integrity": "sha512-Q2vVGpGC7B7m9wggpcA5lq4OYR5OS1nrXoUpnH9MmogXU8HpxzKg63uxtCrLebY5v/y3o0r7JcGCpR/vTGGn7A==",
      "license": "BSD-3-Clause",
      "bin": {
        "bcrypt": "bin/bcrypt"
      }
    }
  }
}
